
Microsoft Visual Studio Solution File, Format Version 12.00
# Visual Studio Version 16
VisualStudioVersion = 16.0.30114.105
MinimumVisualStudioVersion = 10.0.40219.1
Project("{FAE04EC0-301F-11D3-BF4B-00C04F79EFBC}") = "PaymentContext.Domain", "PaymentContext.Domain\PaymentContext.Domain.csproj", "{8E3A971D-631E-417F-9320-CDC196A14ED8}"
EndProject
Project("{FAE04EC0-301F-11D3-BF4B-00C04F79EFBC}") = "PaymentContext.Shared", "PaymentContext.Shared\PaymentContext.Shared.csproj", "{6F47786D-F44B-4448-891F-ED310C5B6CAD}"
EndProject
Project("{FAE04EC0-301F-11D3-BF4B-00C04F79EFBC}") = "PaymentContext.Tests", "PaymentContext.Tests\PaymentContext.Tests.csproj", "{A79A804F-A79B-4789-86CD-B94EC29F3EA8}"
EndProject
Global
	GlobalSection(SolutionConfigurationPlatforms) = preSolution
		Debug|Any CPU = Debug|Any CPU
		Release|Any CPU = Release|Any CPU
	EndGlobalSection
	GlobalSection(SolutionProperties) = preSolution
		HideSolutionNode = FALSE
	EndGlobalSection
	GlobalSection(ProjectConfigurationPlatforms) = postSolution
		{8E3A971D-631E-417F-9320-CDC196A14ED8}.Debug|Any CPU.ActiveCfg = Debug|Any CPU
		{8E3A971D-631E-417F-9320-CDC196A14ED8}.Debug|Any CPU.Build.0 = Debug|Any CPU
		{8E3A971D-631E-417F-9320-CDC196A14ED8}.Release|Any CPU.ActiveCfg = Release|Any CPU
		{8E3A971D-631E-417F-9320-CDC196A14ED8}.Release|Any CPU.Build.0 = Release|Any CPU
		{6F47786D-F44B-4448-891F-ED310C5B6CAD}.Debug|Any CPU.ActiveCfg = Debug|Any CPU
		{6F47786D-F44B-4448-891F-ED310C5B6CAD}.Debug|Any CPU.Build.0 = Debug|Any CPU
		{6F47786D-F44B-4448-891F-ED310C5B6CAD}.Release|Any CPU.ActiveCfg = Release|Any CPU
		{6F47786D-F44B-4448-891F-ED310C5B6CAD}.Release|Any CPU.Build.0 = Release|Any CPU
		{A79A804F-A79B-4789-86CD-B94EC29F3EA8}.Debug|Any CPU.ActiveCfg = Debug|Any CPU
		{A79A804F-A79B-4789-86CD-B94EC29F3EA8}.Debug|Any CPU.Build.0 = Debug|Any CPU
		{A79A804F-A79B-4789-86CD-B94EC29F3EA8}.Release|Any CPU.ActiveCfg = Release|Any CPU
		{A79A804F-A79B-4789-86CD-B94EC29F3EA8}.Release|Any CPU.Build.0 = Release|Any CPU
	EndGlobalSection
EndGlobal
